{
  "version": 1,
  "dependencies": {
    "net10.0": {
      "Microsoft.NET.Test.Sdk": {
        "type": "Direct",
        "requested": "[17.13.0, 17.13.0]",
        "resolved": "17.13.0",
        "contentHash": "W19wCPizaIC9Zh47w8wWI/yxuqR7/dtABwOrc8r2jX/8mUNxM2vw4fXDh+DJTeogxV+KzKwg5jNNGQVwf3LXyA==",
        "dependencies": {
          "Microsoft.CodeCoverage": "17.13.0",
          "Microsoft.TestPlatform.TestHost": "17.13.0"
        }
      },
      "xunit.v3.aot.mtp-off": {
        "type": "Direct",
        "requested": "[4.0.0, )",
        "resolved": "4.0.0",
        "contentHash": "CKGouxv+0+NAR73iUWAFcuTN3DWJ9WVy3/znzZMcAN0g7XpdtE5ZV+4u3vN6EW+v6y/jFyQbWNfaaaDHbANePw==",
        "dependencies": {
          "xunit.analyzers": "2.0.0",
          "xunit.v3.assert.aot": "[4.0.0]",
          "xunit.v3.core.aot.mtp-off": "[4.0.0]"
        }
      },
      "Microsoft.CodeCoverage": {
        "type": "Transitive",
        "resolved": "17.13.0",
        "contentHash": "9LIUy0y+DvUmEPtbRDw6Bay3rzwqFV8P4efTrK4CZhQle3M/QwLPjISghfcolmEGAPWxuJi6m98ZEfk4VR4Lfg=="
      },
      "Microsoft.TestPlatform.ObjectModel": {
        "type": "Transitive",
        "resolved": "17.13.0",
        "contentHash": "bt0E0Dx+iqW97o4A59RCmUmz/5NarJ7LRL+jXbSHod72ibL5XdNm1Ke+UO5tFhBG4VwHLcSjqq9BUSblGNWamw=="
      },
      "Microsoft.TestPlatform.TestHost": {
        "type": "Transitive",
        "resolved": "17.13.0",
        "contentHash": "9GGw08Dc3AXspjekdyTdZ/wYWFlxbgcF0s7BKxzVX+hzAwpifDOdxM+ceVaaJSQOwqt3jtuNlHn3XTpKUS9x9Q==",
        "dependencies": {
          "Microsoft.TestPlatform.ObjectModel": "17.13.0",
          "Newtonsoft.Json": "13.0.1"
        }
      },
      "Newtonsoft.Json": {
        "type": "Transitive",
        "resolved": "13.0.1",
        "contentHash": "ppPFpBcvxdsfUonNcvITKqLl3bqxWbDCZIzDWHzjpdAHRFfZe0Dw9HmA0+za13IdyrgJwpkDTDA9fHaxOrt20A=="
      },
      "xunit.analyzers": {
        "type": "Transitive",
        "resolved": "2.0.0",
        "contentHash": "2UtauxWDa9C6bT7MvFfZkNoFulfflb00jnDU2xeVO9Y58l4Ah2Mv/HiMs4b0zdpK/SfAxpajkgKNMN8zBKa+7Q=="
      },
      "xunit.v3.assert.aot": {
        "type": "Transitive",
        "resolved": "4.0.0",
        "contentHash": "2VdG9UbMjgh6Myvfae0PmIQwcCgbk/TaItbitCsCOZTeUQzzBSQINReqWYKvhCP7q2pKALyvwG4nz10mOgfU0g=="
      },
      "xunit.v3.common.aot": {
        "type": "Transitive",
        "resolved": "4.0.0",
        "contentHash": "SIo++a8cesA2iwjZb/820IyQEl91y12xRo6aGfjjNGKWEMRFf0C+fJCjTjvWtm+c6kYtiyXOTKUHxXcpdjepmw=="
      },
      "xunit.v3.core.aot.mtp-off": {
        "type": "Transitive",
        "resolved": "4.0.0",
        "contentHash": "J7ZnoSHr7j3QblR1L9MtkCuUYTgWFV800VnkJb6Ni9jVNliuX4d1zSy5amJXWxggaBBq/jVVtyaVVxZwH6Q3zQ==",
        "dependencies": {
          "xunit.v3.extensibility.core.aot": "[4.0.0]",
          "xunit.v3.runner.inproc.console.aot": "[4.0.0]"
        }
      },
      "xunit.v3.extensibility.core.aot": {
        "type": "Transitive",
        "resolved": "4.0.0",
        "contentHash": "+faklIQJNl7FUaoXInvo5BC96s+of9mThqM9A3R8/XIyjoOVRGltGCckxRcqVq6nxRkzgSkah0HDX+O+6tGN3A==",
        "dependencies": {
          "xunit.v3.common.aot": "[4.0.0]"
        }
      },
      "xunit.v3.runner.common.aot": {
        "type": "Transitive",
        "resolved": "4.0.0",
        "contentHash": "HJ1fdd3cl8N3mgoag0IoyaMI3ILFwrLADRbk4/x8GED4JYRF/lHCX4sMxEQdFTQCO3y+ai9TOFCMlpN2bYis9w==",
        "dependencies": {
          "xunit.v3.common.aot": "[4.0.0]"
        }
      },
      "xunit.v3.runner.inproc.console.aot": {
        "type": "Transitive",
        "resolved": "4.0.0",
        "contentHash": "Z69f1puRz1l8ruJP8Zz3Kf1Qrcd16z1C5gcuRFRu4zW7/2V6Offx2GWRiL8brevk3TpiYy8fi9d8rRZqwXIpWQ==",
        "dependencies": {
          "xunit.v3.extensibility.core.aot": "[4.0.0]",
          "xunit.v3.runner.common.aot": "[4.0.0]"
        }
      }
    }
  }
}