{
  "version": 1,
  "dependencies": {
    "net10.0": {
      "Microsoft.NET.Test.Sdk": {
        "type": "Direct",
        "requested": "[17.13.0, 17.13.0]",
        "resolved": "17.13.0",
        "contentHash": "W19wCPizaIC9Zh47w8wWI/yxuqR7/dtABwOrc8r2jX/8mUNxM2vw4fXDh+DJTeogxV+KzKwg5jNNGQVwf3LXyA==",
        "dependencies": {
          "Microsoft.CodeCoverage": "17.13.0",
          "Microsoft.TestPlatform.TestHost": "17.13.0"
        }
      },
      "xunit.v3.aot.mtp-off": {
        "type": "Direct",
        "requested": "[4.0.2, )",
        "resolved": "4.0.2",
        "contentHash": "oqZH5Xe1A4cD0ZtJEOHU3NW3tt/XDDRU9Tqa1XzSTyRwn6RQ+cV8ZpGBTAYUNkhoqaBYq7OThAseoFNA2TVmlA==",
        "dependencies": {
          "xunit.analyzers": "2.2.0",
          "xunit.v3.assert.aot": "[4.0.2]",
          "xunit.v3.core.aot.mtp-off": "[4.0.2]"
        }
      },
      "Microsoft.CodeCoverage": {
        "type": "Transitive",
        "resolved": "17.13.0",
        "contentHash": "9LIUy0y+DvUmEPtbRDw6Bay3rzwqFV8P4efTrK4CZhQle3M/QwLPjISghfcolmEGAPWxuJi6m98ZEfk4VR4Lfg=="
      },
      "Microsoft.TestPlatform.ObjectModel": {
        "type": "Transitive",
        "resolved": "17.13.0",
        "contentHash": "bt0E0Dx+iqW97o4A59RCmUmz/5NarJ7LRL+jXbSHod72ibL5XdNm1Ke+UO5tFhBG4VwHLcSjqq9BUSblGNWamw=="
      },
      "Microsoft.TestPlatform.TestHost": {
        "type": "Transitive",
        "resolved": "17.13.0",
        "contentHash": "9GGw08Dc3AXspjekdyTdZ/wYWFlxbgcF0s7BKxzVX+hzAwpifDOdxM+ceVaaJSQOwqt3jtuNlHn3XTpKUS9x9Q==",
        "dependencies": {
          "Microsoft.TestPlatform.ObjectModel": "17.13.0",
          "Newtonsoft.Json": "13.0.1"
        }
      },
      "Newtonsoft.Json": {
        "type": "Transitive",
        "resolved": "13.0.1",
        "contentHash": "ppPFpBcvxdsfUonNcvITKqLl3bqxWbDCZIzDWHzjpdAHRFfZe0Dw9HmA0+za13IdyrgJwpkDTDA9fHaxOrt20A=="
      },
      "xunit.analyzers": {
        "type": "Transitive",
        "resolved": "2.2.0",
        "contentHash": "dXMIIztipcAyL3a19gtUrih/RLrE33/4VJdICoinYqIXXo1KLtsMPsaQ9dO2pE8xajDguwE2kqVbBqE5/EoJ0Q=="
      },
      "xunit.v3.assert.aot": {
        "type": "Transitive",
        "resolved": "4.0.2",
        "contentHash": "LJphDPz3bnHhlyK4wI6ad/vBbXb2R2T5Y4ISO7ijXo8RdIrxRwhkSK83gvWDteKn6rLMt2Oj3/wlpciKvFk78g=="
      },
      "xunit.v3.common.aot": {
        "type": "Transitive",
        "resolved": "4.0.2",
        "contentHash": "UsAarHVudR5RHlR8SP3WRdL1V/jfTchFZD3tAELjYZP9HR8JcXFUFNnfu7Qz0QwC2KLzWe2poaLH09MtJFnP9g=="
      },
      "xunit.v3.core.aot.mtp-off": {
        "type": "Transitive",
        "resolved": "4.0.2",
        "contentHash": "YT175SyYhlDEB3qaQcw5AC12luPWWJW/Rk9aFvIh44g8SlEQ82C+hcDgzJvbPMNFVE+rf4B4P8SpbDIcTbzn4Q==",
        "dependencies": {
          "xunit.v3.extensibility.core.aot": "[4.0.2]",
          "xunit.v3.runner.inproc.console.aot": "[4.0.2]"
        }
      },
      "xunit.v3.extensibility.core.aot": {
        "type": "Transitive",
        "resolved": "4.0.2",
        "contentHash": "cLC05t2jBQ4ti6moDEeVBcueMYga6bQzz1R6UPTEy+iBJW9fn0v6p1xpAw2wW/GQ7I+YOMZcVftEWQzXbOshZA==",
        "dependencies": {
          "xunit.v3.common.aot": "[4.0.2]"
        }
      },
      "xunit.v3.runner.common.aot": {
        "type": "Transitive",
        "resolved": "4.0.2",
        "contentHash": "UuavBMhPzpz8TEBEXImg6PyPjuSJL3lkb1bep0dy2SESAS2b45+Ex+uYblkWRt7GIJzquN6nO+wBQFYRFY6DZA==",
        "dependencies": {
          "xunit.v3.common.aot": "[4.0.2]"
        }
      },
      "xunit.v3.runner.inproc.console.aot": {
        "type": "Transitive",
        "resolved": "4.0.2",
        "contentHash": "2VZ1xpUWUw/q7Gj4PgKlNjfEDMXJBQvyTe73rDCMv+gGBiZ5eboXKPxlRhAb1Qc2ubchEFZNyGqTDTcSWU/Jnw==",
        "dependencies": {
          "xunit.v3.extensibility.core.aot": "[4.0.2]",
          "xunit.v3.runner.common.aot": "[4.0.2]"
        }
      }
    }
  }
}