Microsoft Visual Studio Solution File, Format Version 12.00
# Visual Studio Version 17
VisualStudioVersion = 17.2.32207.482
MinimumVisualStudioVersion = 15.0.26228.4
Project("{2150E333-8FDC-42A3-9474-1A3956D46DE8}") = "src", "src", "{BA799592-92C2-40AD-9FB2-623E94A427F3}"
	ProjectSection(SolutionItems) = preProject
		src\Directory.Build.props = src\Directory.Build.props
	EndProjectSection
EndProject
Project("{2150E333-8FDC-42A3-9474-1A3956D46DE8}") = "test", "test", "{88AA0DC3-2723-4E7D-A89E-A977F319B3AA}"
	ProjectSection(SolutionItems) = preProject
		test\Directory.Build.props = test\Directory.Build.props
		test\Directory.Build.targets = test\Directory.Build.targets
	EndProjectSection
EndProject
Project("{9A19103F-16F7-4668-BE54-9A1E7A4F7556}") = "xunit.runner.visualstudio", "src\xunit.runner.visualstudio\xunit.runner.visualstudio.csproj", "{6FBF46BB-C136-4587-B121-0B7F1DB02A18}"
EndProject
Project("{9A19103F-16F7-4668-BE54-9A1E7A4F7556}") = "test.xunit.runner.visualstudio", "test\test.xunit.runner.visualstudio\test.xunit.runner.visualstudio.csproj", "{24D04B23-4E06-4214-89EB-96BF5EAA1C72}"
EndProject
Project("{2150E333-8FDC-42A3-9474-1A3956D46DE8}") = "meta", "meta", "{A8EAFB53-8C80-4FD4-AE90-09DD6606D6CB}"
	ProjectSection(SolutionItems) = preProject
		.editorconfig = .editorconfig
		BUILDING.md = BUILDING.md
		global.json = global.json
		NuGet.Config = NuGet.Config
		README.md = README.md
		version.json = version.json
		Versions.props = Versions.props
	EndProjectSection
EndProject
Project("{9A19103F-16F7-4668-BE54-9A1E7A4F7556}") = "test.v1", "test\test.v1\test.v1.csproj", "{EF484F76-7526-4C07-A2DF-DD11424FC353}"
EndProject
Project("{9A19103F-16F7-4668-BE54-9A1E7A4F7556}") = "test.v2", "test\test.v2\test.v2.csproj", "{33554997-4FF6-4B10-BC98-DB0F26146289}"
EndProject
Project("{9A19103F-16F7-4668-BE54-9A1E7A4F7556}") = "test.v3", "test\test.v3\test.v3.csproj", "{A035E990-78D7-4132-8E36-5DBD5137E063}"
EndProject
Global
	GlobalSection(SolutionConfigurationPlatforms) = preSolution
		Debug|Any CPU = Debug|Any CPU
		Release|Any CPU = Release|Any CPU
	EndGlobalSection
	GlobalSection(ProjectConfigurationPlatforms) = postSolution
		{6FBF46BB-C136-4587-B121-0B7F1DB02A18}.Debug|Any CPU.ActiveCfg = Debug|Any CPU
		{6FBF46BB-C136-4587-B121-0B7F1DB02A18}.Debug|Any CPU.Build.0 = Debug|Any CPU
		{6FBF46BB-C136-4587-B121-0B7F1DB02A18}.Release|Any CPU.ActiveCfg = Release|Any CPU
		{6FBF46BB-C136-4587-B121-0B7F1DB02A18}.Release|Any CPU.Build.0 = Release|Any CPU
		{24D04B23-4E06-4214-89EB-96BF5EAA1C72}.Debug|Any CPU.ActiveCfg = Debug|Any CPU
		{24D04B23-4E06-4214-89EB-96BF5EAA1C72}.Debug|Any CPU.Build.0 = Debug|Any CPU
		{24D04B23-4E06-4214-89EB-96BF5EAA1C72}.Release|Any CPU.ActiveCfg = Release|Any CPU
		{24D04B23-4E06-4214-89EB-96BF5EAA1C72}.Release|Any CPU.Build.0 = Release|Any CPU
		{EF484F76-7526-4C07-A2DF-DD11424FC353}.Debug|Any CPU.ActiveCfg = Debug|Any CPU
		{EF484F76-7526-4C07-A2DF-DD11424FC353}.Debug|Any CPU.Build.0 = Debug|Any CPU
		{EF484F76-7526-4C07-A2DF-DD11424FC353}.Release|Any CPU.ActiveCfg = Release|Any CPU
		{EF484F76-7526-4C07-A2DF-DD11424FC353}.Release|Any CPU.Build.0 = Release|Any CPU
		{33554997-4FF6-4B10-BC98-DB0F26146289}.Debug|Any CPU.ActiveCfg = Debug|Any CPU
		{33554997-4FF6-4B10-BC98-DB0F26146289}.Debug|Any CPU.Build.0 = Debug|Any CPU
		{33554997-4FF6-4B10-BC98-DB0F26146289}.Release|Any CPU.ActiveCfg = Release|Any CPU
		{33554997-4FF6-4B10-BC98-DB0F26146289}.Release|Any CPU.Build.0 = Release|Any CPU
		{A035E990-78D7-4132-8E36-5DBD5137E063}.Debug|Any CPU.ActiveCfg = Debug|Any CPU
		{A035E990-78D7-4132-8E36-5DBD5137E063}.Debug|Any CPU.Build.0 = Debug|Any CPU
		{A035E990-78D7-4132-8E36-5DBD5137E063}.Release|Any CPU.ActiveCfg = Release|Any CPU
		{A035E990-78D7-4132-8E36-5DBD5137E063}.Release|Any CPU.Build.0 = Release|Any CPU
	EndGlobalSection
	GlobalSection(SolutionProperties) = preSolution
		HideSolutionNode = FALSE
	EndGlobalSection
	GlobalSection(NestedProjects) = preSolution
		{6FBF46BB-C136-4587-B121-0B7F1DB02A18} = {BA799592-92C2-40AD-9FB2-623E94A427F3}
		{24D04B23-4E06-4214-89EB-96BF5EAA1C72} = {88AA0DC3-2723-4E7D-A89E-A977F319B3AA}
		{EF484F76-7526-4C07-A2DF-DD11424FC353} = {88AA0DC3-2723-4E7D-A89E-A977F319B3AA}
		{33554997-4FF6-4B10-BC98-DB0F26146289} = {88AA0DC3-2723-4E7D-A89E-A977F319B3AA}
		{A035E990-78D7-4132-8E36-5DBD5137E063} = {88AA0DC3-2723-4E7D-A89E-A977F319B3AA}
	EndGlobalSection
	GlobalSection(ExtensibilityGlobals) = postSolution
		SolutionGuid = {D98C9775-3F13-458F-A382-1BD82A380073}
	EndGlobalSection
EndGlobal
