
Microsoft Visual Studio Solution File, Format Version 12.00
# Visual Studio 14
VisualStudioVersion = 14.0.25420.1
MinimumVisualStudioVersion = 10.0.40219.1
Project("{FAE04EC0-301F-11D3-BF4B-00C04F79EFBC}") = "xunit.runner.visualstudio.testadapter", "xunit.runner.visualstudio.testadapter\xunit.runner.visualstudio.testadapter.csproj", "{EBAB9937-2A6A-41EA-848B-3F7EDE2396CB}"
	ProjectSection(ProjectDependencies) = postProject
		{B9CC6A98-9BE1-46C7-BC8E-1D1F67335FB7} = {B9CC6A98-9BE1-46C7-BC8E-1D1F67335FB7}
	EndProjectSection
EndProject
Project("{FAE04EC0-301F-11D3-BF4B-00C04F79EFBC}") = "xunit.runner.visualstudio.wpa81", "xunit.runner.visualstudio.wpa81\xunit.runner.visualstudio.wpa81.csproj", "{1F759DC9-82C9-45B1-A9DA-E3A7B7386CED}"
EndProject
Project("{2150E333-8FDC-42A3-9474-1A3956D46DE8}") = "Solution Items", "Solution Items", "{4E13DEEC-B4B3-4D16-8D20-21FE543916B0}"
	ProjectSection(SolutionItems) = preProject
		build\xunit.runner.visualstudio.dotnetcore.props = build\xunit.runner.visualstudio.dotnetcore.props
		xunit.runner.visualstudio.nuspec = xunit.runner.visualstudio.nuspec
		build\xunit.runner.visualstudio.uwp.targets = build\xunit.runner.visualstudio.uwp.targets
		build\xunit.runner.visualstudio.v1.props = build\xunit.runner.visualstudio.v1.props
		build\xunit.runner.visualstudio.v2.props = build\xunit.runner.visualstudio.v2.props
		build\xunit.runner.visualstudio.win81.targets = build\xunit.runner.visualstudio.win81.targets
		build\xunit.runner.visualstudio.wpa81.targets = build\xunit.runner.visualstudio.wpa81.targets
	EndProjectSection
EndProject
Project("{FAE04EC0-301F-11D3-BF4B-00C04F79EFBC}") = "xunit.runner.visualstudio.win81", "xunit.runner.visualstudio.win81\xunit.runner.visualstudio.win81.csproj", "{442EF4E5-67F5-4906-B8A8-D93AB4EBAD82}"
EndProject
Project("{FAE04EC0-301F-11D3-BF4B-00C04F79EFBC}") = "test.harness", "test.harness\test.harness.csproj", "{B9CC6A98-9BE1-46C7-BC8E-1D1F67335FB7}"
EndProject
Project("{FAE04EC0-301F-11D3-BF4B-00C04F79EFBC}") = "test.xunit.runner.visualstudio.testadapter", "test.xunit.runner.visualstudio.testadapter\test.xunit.runner.visualstudio.testadapter.csproj", "{276BA4CF-B023-4159-85E8-B5A9A4D4493A}"
EndProject
Project("{2150E333-8FDC-42A3-9474-1A3956D46DE8}") = "src", "src", "{BA799592-92C2-40AD-9FB2-623E94A427F3}"
EndProject
Project("{2150E333-8FDC-42A3-9474-1A3956D46DE8}") = "test", "test", "{88AA0DC3-2723-4E7D-A89E-A977F319B3AA}"
EndProject
Project("{FAE04EC0-301F-11D3-BF4B-00C04F79EFBC}") = "xunit.runner.visualstudio.uwp", "xunit.runner.visualstudio.uwp\xunit.runner.visualstudio.uwp.csproj", "{9220495E-D0C7-4F0D-B963-A5E17FF63386}"
EndProject
Project("{8BB2217D-0F2D-49D1-97BC-3654ED321F3B}") = "xunit.runner.visualstudio.testadapter.dotnetcore", "xunit.runner.visualstudio.testadapter.dotnetcore\xunit.runner.visualstudio.testadapter.dotnetcore.xproj", "{92844AB6-B80A-4C62-8CA0-ED8FD128D99C}"
EndProject
Global
	GlobalSection(SolutionConfigurationPlatforms) = preSolution
		Debug|Any CPU = Debug|Any CPU
		Release|Any CPU = Release|Any CPU
	EndGlobalSection
	GlobalSection(ProjectConfigurationPlatforms) = postSolution
		{EBAB9937-2A6A-41EA-848B-3F7EDE2396CB}.Debug|Any CPU.ActiveCfg = Debug|Any CPU
		{EBAB9937-2A6A-41EA-848B-3F7EDE2396CB}.Debug|Any CPU.Build.0 = Debug|Any CPU
		{EBAB9937-2A6A-41EA-848B-3F7EDE2396CB}.Release|Any CPU.ActiveCfg = Release|Any CPU
		{EBAB9937-2A6A-41EA-848B-3F7EDE2396CB}.Release|Any CPU.Build.0 = Release|Any CPU
		{1F759DC9-82C9-45B1-A9DA-E3A7B7386CED}.Debug|Any CPU.ActiveCfg = Debug|Any CPU
		{1F759DC9-82C9-45B1-A9DA-E3A7B7386CED}.Debug|Any CPU.Build.0 = Debug|Any CPU
		{1F759DC9-82C9-45B1-A9DA-E3A7B7386CED}.Release|Any CPU.ActiveCfg = Release|Any CPU
		{1F759DC9-82C9-45B1-A9DA-E3A7B7386CED}.Release|Any CPU.Build.0 = Release|Any CPU
		{442EF4E5-67F5-4906-B8A8-D93AB4EBAD82}.Debug|Any CPU.ActiveCfg = Debug|Any CPU
		{442EF4E5-67F5-4906-B8A8-D93AB4EBAD82}.Debug|Any CPU.Build.0 = Debug|Any CPU
		{442EF4E5-67F5-4906-B8A8-D93AB4EBAD82}.Release|Any CPU.ActiveCfg = Release|Any CPU
		{442EF4E5-67F5-4906-B8A8-D93AB4EBAD82}.Release|Any CPU.Build.0 = Release|Any CPU
		{B9CC6A98-9BE1-46C7-BC8E-1D1F67335FB7}.Debug|Any CPU.ActiveCfg = Debug|Any CPU
		{B9CC6A98-9BE1-46C7-BC8E-1D1F67335FB7}.Debug|Any CPU.Build.0 = Debug|Any CPU
		{B9CC6A98-9BE1-46C7-BC8E-1D1F67335FB7}.Release|Any CPU.ActiveCfg = Release|Any CPU
		{B9CC6A98-9BE1-46C7-BC8E-1D1F67335FB7}.Release|Any CPU.Build.0 = Release|Any CPU
		{276BA4CF-B023-4159-85E8-B5A9A4D4493A}.Debug|Any CPU.ActiveCfg = Debug|Any CPU
		{276BA4CF-B023-4159-85E8-B5A9A4D4493A}.Debug|Any CPU.Build.0 = Debug|Any CPU
		{276BA4CF-B023-4159-85E8-B5A9A4D4493A}.Release|Any CPU.ActiveCfg = Release|Any CPU
		{276BA4CF-B023-4159-85E8-B5A9A4D4493A}.Release|Any CPU.Build.0 = Release|Any CPU
		{9220495E-D0C7-4F0D-B963-A5E17FF63386}.Debug|Any CPU.ActiveCfg = Debug|Any CPU
		{9220495E-D0C7-4F0D-B963-A5E17FF63386}.Debug|Any CPU.Build.0 = Debug|Any CPU
		{9220495E-D0C7-4F0D-B963-A5E17FF63386}.Release|Any CPU.ActiveCfg = Release|Any CPU
		{9220495E-D0C7-4F0D-B963-A5E17FF63386}.Release|Any CPU.Build.0 = Release|Any CPU
		{92844AB6-B80A-4C62-8CA0-ED8FD128D99C}.Debug|Any CPU.ActiveCfg = Debug|Any CPU
		{92844AB6-B80A-4C62-8CA0-ED8FD128D99C}.Debug|Any CPU.Build.0 = Debug|Any CPU
		{92844AB6-B80A-4C62-8CA0-ED8FD128D99C}.Release|Any CPU.ActiveCfg = Release|Any CPU
		{92844AB6-B80A-4C62-8CA0-ED8FD128D99C}.Release|Any CPU.Build.0 = Release|Any CPU
	EndGlobalSection
	GlobalSection(SolutionProperties) = preSolution
		HideSolutionNode = FALSE
	EndGlobalSection
	GlobalSection(NestedProjects) = preSolution
		{EBAB9937-2A6A-41EA-848B-3F7EDE2396CB} = {BA799592-92C2-40AD-9FB2-623E94A427F3}
		{1F759DC9-82C9-45B1-A9DA-E3A7B7386CED} = {BA799592-92C2-40AD-9FB2-623E94A427F3}
		{442EF4E5-67F5-4906-B8A8-D93AB4EBAD82} = {BA799592-92C2-40AD-9FB2-623E94A427F3}
		{B9CC6A98-9BE1-46C7-BC8E-1D1F67335FB7} = {88AA0DC3-2723-4E7D-A89E-A977F319B3AA}
		{276BA4CF-B023-4159-85E8-B5A9A4D4493A} = {88AA0DC3-2723-4E7D-A89E-A977F319B3AA}
		{9220495E-D0C7-4F0D-B963-A5E17FF63386} = {BA799592-92C2-40AD-9FB2-623E94A427F3}
		{92844AB6-B80A-4C62-8CA0-ED8FD128D99C} = {BA799592-92C2-40AD-9FB2-623E94A427F3}
	EndGlobalSection
EndGlobal
