
Microsoft Visual Studio Solution File, Format Version 12.00
# Visual Studio Version 17
VisualStudioVersion = 17.0.31903.59
MinimumVisualStudioVersion = 10.0.40219.1
Project("{FAE04EC0-301F-11D3-BF4B-00C04F79EFBC}") = "xunit-runner-sample", "xunit-runner-sample.csproj", "{CA7073C4-D751-474E-80E0-C252F722DBAE}"
EndProject
Global
	GlobalSection(SolutionConfigurationPlatforms) = preSolution
		Debug|Any CPU = Debug|Any CPU
		Release|Any CPU = Release|Any CPU
	EndGlobalSection
	GlobalSection(SolutionProperties) = preSolution
		HideSolutionNode = FALSE
	EndGlobalSection
	GlobalSection(ProjectConfigurationPlatforms) = postSolution
		{CA7073C4-D751-474E-80E0-C252F722DBAE}.Debug|Any CPU.ActiveCfg = Debug|Any CPU
		{CA7073C4-D751-474E-80E0-C252F722DBAE}.Debug|Any CPU.Build.0 = Debug|Any CPU
		{CA7073C4-D751-474E-80E0-C252F722DBAE}.Release|Any CPU.ActiveCfg = Release|Any CPU
		{CA7073C4-D751-474E-80E0-C252F722DBAE}.Release|Any CPU.Build.0 = Release|Any CPU
	EndGlobalSection
EndGlobal
